
Microsoft Visual Studio Solution File, Format Version 12.00
# Visual Studio 15
VisualStudioVersion = 15.0.26430.6
MinimumVisualStudioVersion = 10.0.40219.1
Project("{FAE04EC0-301F-11D3-BF4B-00C04F79EFBC}") = "Elabor8.PuzzleChallenge", "Elabor8.PuzzleChallenge\Elabor8.PuzzleChallenge.csproj", "{C852CD8B-E5D1-443D-B7FA-6D18F84BD9D2}"
EndProject
Project("{FAE04EC0-301F-11D3-BF4B-00C04F79EFBC}") = "Elabor8.PuzzleChallenge.Tests", "Elabor8.PuzzleChallenge.Tests\Elabor8.PuzzleChallenge.Tests.csproj", "{FE97BFD6-7E05-44BF-9E22-8F6E3EA70D18}"
EndProject
Global
	GlobalSection(SolutionConfigurationPlatforms) = preSolution
		Debug|Any CPU = Debug|Any CPU
		Release|Any CPU = Release|Any CPU
	EndGlobalSection
	GlobalSection(ProjectConfigurationPlatforms) = postSolution
		{C852CD8B-E5D1-443D-B7FA-6D18F84BD9D2}.Debug|Any CPU.ActiveCfg = Debug|Any CPU
		{C852CD8B-E5D1-443D-B7FA-6D18F84BD9D2}.Debug|Any CPU.Build.0 = Debug|Any CPU
		{C852CD8B-E5D1-443D-B7FA-6D18F84BD9D2}.Release|Any CPU.ActiveCfg = Release|Any CPU
		{C852CD8B-E5D1-443D-B7FA-6D18F84BD9D2}.Release|Any CPU.Build.0 = Release|Any CPU
		{FE97BFD6-7E05-44BF-9E22-8F6E3EA70D18}.Debug|Any CPU.ActiveCfg = Debug|Any CPU
		{FE97BFD6-7E05-44BF-9E22-8F6E3EA70D18}.Debug|Any CPU.Build.0 = Debug|Any CPU
		{FE97BFD6-7E05-44BF-9E22-8F6E3EA70D18}.Release|Any CPU.ActiveCfg = Release|Any CPU
		{FE97BFD6-7E05-44BF-9E22-8F6E3EA70D18}.Release|Any CPU.Build.0 = Release|Any CPU
	EndGlobalSection
	GlobalSection(SolutionProperties) = preSolution
		HideSolutionNode = FALSE
	EndGlobalSection
EndGlobal
